{
  "name": "plm19proj2",
  "version": "1.0.0",
  "lockfileVersion": 1,
  "requires": true,
  "dependencies": {
    "kbd": {
      "version": "0.1.0",
      "resolved": "https://registry.npmjs.org/kbd/-/kbd-0.1.0.tgz",
      "integrity": "sha1-Q5/GWRvOoCcO95SPmjwyKcDqwEk=",
      "requires": {
        "nan": ">=2.0.0"
      }
    },
    "nan": {
      "version": "2.13.2",
      "resolved": "https://registry.npmjs.org/nan/-/nan-2.13.2.tgz",
      "integrity": "sha512-TghvYc72wlMGMVMluVo9WRJc0mB8KxxF/gZ4YYFy7V2ZQX9l7rgbPg7vjS9mt6U5HXODVFVI2bOduCzwOMv/lw=="
    },
    "node": {
      "version": "11.12.0",
      "resolved": "https://registry.npmjs.org/node/-/node-11.12.0.tgz",
      "integrity": "sha512-um2HVV67QzgmYnfrT6XszwwUT7S/i5nzIls68jEYOfVFJye+0ta2leda2ZWYUHzAajbUYyMp312v+1yYh0Jixw==",
      "requires": {
        "node-bin-setup": "^1.0.0"
      }
    },
    "node-bin-setup": {
      "version": "1.0.6",
      "resolved": "https://registry.npmjs.org/node-bin-setup/-/node-bin-setup-1.0.6.tgz",
      "integrity": "sha512-uPIxXNis1CRbv1DwqAxkgBk5NFV3s7cMN/Gf556jSw6jBvV7ca4F9lRL/8cALcZecRibeqU+5dFYqFFmzv5a0Q=="
    },
    "typescript": {
      "version": "3.4.1",
      "resolved": "https://registry.npmjs.org/typescript/-/typescript-3.4.1.tgz",
      "integrity": "sha512-3NSMb2VzDQm8oBTLH6Nj55VVtUEpe/rgkIzMir0qVoLyjDZlnMBva0U6vDiV3IH+sl/Yu6oP5QwsAQtHPmDd2Q=="
    }
  }
}
